// !$*UTF8*$!
{
	archiveVersion = 1;
	classes = {
	};
	objectVersion = 50;
	objects = {

/* Begin PBXBuildFile section */
		95049CD224FFEBE3006528FA /* AppDelegate.swift in Sources */ = {isa = PBXBuildFile; fileRef = 95049CD124FFEBE3006528FA /* AppDelegate.swift */; };
		95049CD424FFEBE3006528FA /* SceneDelegate.swift in Sources */ = {isa = PBXBuildFile; fileRef = 95049CD324FFEBE3006528FA /* SceneDelegate.swift */; };
		95049CD624FFEBE3006528FA /* MainVC.swift in Sources */ = {isa = PBXBuildFile; fileRef = 95049CD524FFEBE3006528FA /* MainVC.swift */; };
		95049CD924FFEBE3006528FA /* Main.storyboard in Resources */ = {isa = PBXBuildFile; fileRef = 95049CD724FFEBE3006528FA /* Main.storyboard */; };
		95049CDB24FFEBEE006528FA /* Assets.xcassets in Resources */ = {isa = PBXBuildFile; fileRef = 95049CDA24FFEBEE006528FA /* Assets.xcassets */; };
		95049CDE24FFEBEE006528FA /* LaunchScreen.storyboard in Resources */ = {isa = PBXBuildFile; fileRef = 95049CDC24FFEBEE006528FA /* LaunchScreen.storyboard */; };
		95049CE924FFEBEE006528FA /* iTunesSearchTests.swift in Sources */ = {isa = PBXBuildFile; fileRef = 95049CE824FFEBEE006528FA /* iTunesSearchTests.swift */; };
		95049CF724FFEC75006528FA /* NetworkManager.swift in Sources */ = {isa = PBXBuildFile; fileRef = 95049CF624FFEC75006528FA /* NetworkManager.swift */; };
		95049CF924FFECD1006528FA /* Album.swift in Sources */ = {isa = PBXBuildFile; fileRef = 95049CF824FFECD1006528FA /* Album.swift */; };
		95049CFC250018CD006528FA /* AlbumCell.swift in Sources */ = {isa = PBXBuildFile; fileRef = 95049CFA250018CD006528FA /* AlbumCell.swift */; };
		95049CFD250018CD006528FA /* AlbumCell.xib in Resources */ = {isa = PBXBuildFile; fileRef = 95049CFB250018CD006528FA /* AlbumCell.xib */; };
		95049CFF250156CE006528FA /* Track.swift in Sources */ = {isa = PBXBuildFile; fileRef = 95049CFE250156CD006528FA /* Track.swift */; };
		95049D0225041CEC006528FA /* Helpers.swift in Sources */ = {isa = PBXBuildFile; fileRef = 95049D0125041CEC006528FA /* Helpers.swift */; };
		95049D04250433C4006528FA /* DetailVC.swift in Sources */ = {isa = PBXBuildFile; fileRef = 95049D03250433C3006528FA /* DetailVC.swift */; };
		95F052BC25067F30002F2A38 /* TrackCell.swift in Sources */ = {isa = PBXBuildFile; fileRef = 95F052BB25067F30002F2A38 /* TrackCell.swift */; };
/* End PBXBuildFile section */

/* Begin PBXContainerItemProxy section */
		95049CE524FFEBEE006528FA /* PBXContainerItemProxy */ = {
			isa = PBXContainerItemProxy;
			containerPortal = 95049CC624FFEBE3006528FA /* Project object */;
			proxyType = 1;
			remoteGlobalIDString = 95049CCD24FFEBE3006528FA;
			remoteInfo = iTunesSearch;
		};
/* End PBXContainerItemProxy section */

/* Begin PBXFileReference section */
		95049CCE24FFEBE3006528FA /* iTunesSearch.app */ = {isa = PBXFileReference; explicitFileType = wrapper.application; includeInIndex = 0; path = iTunesSearch.app; sourceTree = BUILT_PRODUCTS_DIR; };
		95049CD124FFEBE3006528FA /* AppDelegate.swift */ = {isa = PBXFileReference; lastKnownFileType = sourcecode.swift; path = AppDelegate.swift; sourceTree = "<group>"; };
		95049CD324FFEBE3006528FA /* SceneDelegate.swift */ = {isa = PBXFileReference; lastKnownFileType = sourcecode.swift; path = SceneDelegate.swift; sourceTree = "<group>"; };
		95049CD524FFEBE3006528FA /* MainVC.swift */ = {isa = PBXFileReference; lastKnownFileType = sourcecode.swift; path = MainVC.swift; sourceTree = "<group>"; };
		95049CD824FFEBE3006528FA /* Base */ = {isa = PBXFileReference; lastKnownFileType = file.storyboard; name = Base; path = Base.lproj/Main.storyboard; sourceTree = "<group>"; };
		95049CDA24FFEBEE006528FA /* Assets.xcassets */ = {isa = PBXFileReference; lastKnownFileType = folder.assetcatalog; path = Assets.xcassets; sourceTree = "<group>"; };
		95049CDD24FFEBEE006528FA /* Base */ = {isa = PBXFileReference; lastKnownFileType = file.storyboard; name = Base; path = Base.lproj/LaunchScreen.storyboard; sourceTree = "<group>"; };
		95049CDF24FFEBEE006528FA /* Info.plist */ = {isa = PBXFileReference; lastKnownFileType = text.plist.xml; path = Info.plist; sourceTree = "<group>"; };
		95049CE424FFEBEE006528FA /* iTunesSearchTests.xctest */ = {isa = PBXFileReference; explicitFileType = wrapper.cfbundle; includeInIndex = 0; path = iTunesSearchTests.xctest; sourceTree = BUILT_PRODUCTS_DIR; };
		95049CE824FFEBEE006528FA /* iTunesSearchTests.swift */ = {isa = PBXFileReference; lastKnownFileType = sourcecode.swift; path = iTunesSearchTests.swift; sourceTree = "<group>"; };
		95049CEA24FFEBEE006528FA /* Info.plist */ = {isa = PBXFileReference; lastKnownFileType = text.plist.xml; path = Info.plist; sourceTree = "<group>"; };
		95049CF624FFEC75006528FA /* NetworkManager.swift */ = {isa = PBXFileReference; lastKnownFileType = sourcecode.swift; path = NetworkManager.swift; sourceTree = "<group>"; };
		95049CF824FFECD1006528FA /* Album.swift */ = {isa = PBXFileReference; lastKnownFileType = sourcecode.swift; path = Album.swift; sourceTree = "<group>"; };
		95049CFA250018CD006528FA /* AlbumCell.swift */ = {isa = PBXFileReference; lastKnownFileType = sourcecode.swift; path = AlbumCell.swift; sourceTree = "<group>"; };
		95049CFB250018CD006528FA /* AlbumCell.xib */ = {isa = PBXFileReference; lastKnownFileType = file.xib; path = AlbumCell.xib; sourceTree = "<group>"; };
		95049CFE250156CD006528FA /* Track.swift */ = {isa = PBXFileReference; lastKnownFileType = sourcecode.swift; path = Track.swift; sourceTree = "<group>"; };
		95049D0125041CEC006528FA /* Helpers.swift */ = {isa = PBXFileReference; lastKnownFileType = sourcecode.swift; path = Helpers.swift; sourceTree = "<group>"; };
		95049D03250433C3006528FA /* DetailVC.swift */ = {isa = PBXFileReference; lastKnownFileType = sourcecode.swift; path = DetailVC.swift; sourceTree = "<group>"; };
		95F052BB25067F30002F2A38 /* TrackCell.swift */ = {isa = PBXFileReference; lastKnownFileType = sourcecode.swift; path = TrackCell.swift; sourceTree = "<group>"; };
/* End PBXFileReference section */

/* Begin PBXFrameworksBuildPhase section */
		95049CCB24FFEBE3006528FA /* Frameworks */ = {
			isa = PBXFrameworksBuildPhase;
			buildActionMask = 2147483647;
			files = (
			);
			runOnlyForDeploymentPostprocessing = 0;
		};
		95049CE124FFEBEE006528FA /* Frameworks */ = {
			isa = PBXFrameworksBuildPhase;
			buildActionMask = 2147483647;
			files = (
			);
			runOnlyForDeploymentPostprocessing = 0;
		};
/* End PBXFrameworksBuildPhase section */

/* Begin PBXGroup section */
		95049CC524FFEBE3006528FA = {
			isa = PBXGroup;
			children = (
				95049CD024FFEBE3006528FA /* iTunesSearch */,
				95049CE724FFEBEE006528FA /* iTunesSearchTests */,
				95049CCF24FFEBE3006528FA /* Products */,
			);
			sourceTree = "<group>";
		};
		95049CCF24FFEBE3006528FA /* Products */ = {
			isa = PBXGroup;
			children = (
				95049CCE24FFEBE3006528FA /* iTunesSearch.app */,
				95049CE424FFEBEE006528FA /* iTunesSearchTests.xctest */,
			);
			name = Products;
			sourceTree = "<group>";
		};
		95049CD024FFEBE3006528FA /* iTunesSearch */ = {
			isa = PBXGroup;
			children = (
				95049CD124FFEBE3006528FA /* AppDelegate.swift */,
				95049CF524FFEC38006528FA /* Model */,
				95049CF424FFEC2D006528FA /* View */,
				95049CF324FFEC1E006528FA /* Controller */,
				95580243250BF97E00D92E4F /* Services */,
				95049D0025041C9A006528FA /* Helpers */,
				95049CDA24FFEBEE006528FA /* Assets.xcassets */,
				95049CD324FFEBE3006528FA /* SceneDelegate.swift */,
				95049CDC24FFEBEE006528FA /* LaunchScreen.storyboard */,
				95049CDF24FFEBEE006528FA /* Info.plist */,
			);
			path = iTunesSearch;
			sourceTree = "<group>";
		};
		95049CE724FFEBEE006528FA /* iTunesSearchTests */ = {
			isa = PBXGroup;
			children = (
				95049CE824FFEBEE006528FA /* iTunesSearchTests.swift */,
				95049CEA24FFEBEE006528FA /* Info.plist */,
			);
			path = iTunesSearchTests;
			sourceTree = "<group>";
		};
		95049CF324FFEC1E006528FA /* Controller */ = {
			isa = PBXGroup;
			children = (
				95049CD524FFEBE3006528FA /* MainVC.swift */,
				95049D03250433C3006528FA /* DetailVC.swift */,
			);
			path = Controller;
			sourceTree = "<group>";
		};
		95049CF424FFEC2D006528FA /* View */ = {
			isa = PBXGroup;
			children = (
				95049CD724FFEBE3006528FA /* Main.storyboard */,
				95049CFA250018CD006528FA /* AlbumCell.swift */,
				95049CFB250018CD006528FA /* AlbumCell.xib */,
				95F052BB25067F30002F2A38 /* TrackCell.swift */,
			);
			path = View;
			sourceTree = "<group>";
		};
		95049CF524FFEC38006528FA /* Model */ = {
			isa = PBXGroup;
			children = (
				95049CF824FFECD1006528FA /* Album.swift */,
				95049CFE250156CD006528FA /* Track.swift */,
			);
			path = Model;
			sourceTree = "<group>";
		};
		95049D0025041C9A006528FA /* Helpers */ = {
			isa = PBXGroup;
			children = (
				95049D0125041CEC006528FA /* Helpers.swift */,
			);
			path = Helpers;
			sourceTree = "<group>";
		};
		95580243250BF97E00D92E4F /* Services */ = {
			isa = PBXGroup;
			children = (
				95049CF624FFEC75006528FA /* NetworkManager.swift */,
			);
			path = Services;
			sourceTree = "<group>";
		};
/* End PBXGroup section */

/* Begin PBXNativeTarget section */
		95049CCD24FFEBE3006528FA /* iTunesSearch */ = {
			isa = PBXNativeTarget;
			buildConfigurationList = 95049CED24FFEBEE006528FA /* Build configuration list for PBXNativeTarget "iTunesSearch" */;
			buildPhases = (
				95049CCA24FFEBE3006528FA /* Sources */,
				95049CCB24FFEBE3006528FA /* Frameworks */,
				95049CCC24FFEBE3006528FA /* Resources */,
			);
			buildRules = (
			);
			dependencies = (
			);
			name = iTunesSearch;
			productName = iTunesSearch;
			productReference = 95049CCE24FFEBE3006528FA /* iTunesSearch.app */;
			productType = "com.apple.product-type.application";
		};
		95049CE324FFEBEE006528FA /* iTunesSearchTests */ = {
			isa = PBXNativeTarget;
			buildConfigurationList = 95049CF024FFEBEE006528FA /* Build configuration list for PBXNativeTarget "iTunesSearchTests" */;
			buildPhases = (
				95049CE024FFEBEE006528FA /* Sources */,
				95049CE124FFEBEE006528FA /* Frameworks */,
				95049CE224FFEBEE006528FA /* Resources */,
			);
			buildRules = (
			);
			dependencies = (
				95049CE624FFEBEE006528FA /* PBXTargetDependency */,
			);
			name = iTunesSearchTests;
			productName = iTunesSearchTests;
			productReference = 95049CE424FFEBEE006528FA /* iTunesSearchTests.xctest */;
			productType = "com.apple.product-type.bundle.unit-test";
		};
/* End PBXNativeTarget section */

/* Begin PBXProject section */
		95049CC624FFEBE3006528FA /* Project object */ = {
			isa = PBXProject;
			attributes = {
				LastSwiftUpdateCheck = 1160;
				LastUpgradeCheck = 1160;
				ORGANIZATIONNAME = "Анна Никифорова";
				TargetAttributes = {
					95049CCD24FFEBE3006528FA = {
						CreatedOnToolsVersion = 11.6;
					};
					95049CE324FFEBEE006528FA = {
						CreatedOnToolsVersion = 11.6;
						TestTargetID = 95049CCD24FFEBE3006528FA;
					};
				};
			};
			buildConfigurationList = 95049CC924FFEBE3006528FA /* Build configuration list for PBXProject "iTunesSearch" */;
			compatibilityVersion = "Xcode 9.3";
			developmentRegion = en;
			hasScannedForEncodings = 0;
			knownRegions = (
				en,
				Base,
			);
			mainGroup = 95049CC524FFEBE3006528FA;
			productRefGroup = 95049CCF24FFEBE3006528FA /* Products */;
			projectDirPath = "";
			projectRoot = "";
			targets = (
				95049CCD24FFEBE3006528FA /* iTunesSearch */,
				95049CE324FFEBEE006528FA /* iTunesSearchTests */,
			);
		};
/* End PBXProject section */

/* Begin PBXResourcesBuildPhase section */
		95049CCC24FFEBE3006528FA /* Resources */ = {
			isa = PBXResourcesBuildPhase;
			buildActionMask = 2147483647;
			files = (
				95049CDE24FFEBEE006528FA /* LaunchScreen.storyboard in Resources */,
				95049CDB24FFEBEE006528FA /* Assets.xcassets in Resources */,
				95049CD924FFEBE3006528FA /* Main.storyboard in Resources */,
				95049CFD250018CD006528FA /* AlbumCell.xib in Resources */,
			);
			runOnlyForDeploymentPostprocessing = 0;
		};
		95049CE224FFEBEE006528FA /* Resources */ = {
			isa = PBXResourcesBuildPhase;
			buildActionMask = 2147483647;
			files = (
			);
			runOnlyForDeploymentPostprocessing = 0;
		};
/* End PBXResourcesBuildPhase section */

/* Begin PBXSourcesBuildPhase section */
		95049CCA24FFEBE3006528FA /* Sources */ = {
			isa = PBXSourcesBuildPhase;
			buildActionMask = 2147483647;
			files = (
				95049CF724FFEC75006528FA /* NetworkManager.swift in Sources */,
				95049CF924FFECD1006528FA /* Album.swift in Sources */,
				95049D0225041CEC006528FA /* Helpers.swift in Sources */,
				95049CD624FFEBE3006528FA /* MainVC.swift in Sources */,
				95049CD224FFEBE3006528FA /* AppDelegate.swift in Sources */,
				95F052BC25067F30002F2A38 /* TrackCell.swift in Sources */,
				95049D04250433C4006528FA /* DetailVC.swift in Sources */,
				95049CD424FFEBE3006528FA /* SceneDelegate.swift in Sources */,
				95049CFC250018CD006528FA /* AlbumCell.swift in Sources */,
				95049CFF250156CE006528FA /* Track.swift in Sources */,
			);
			runOnlyForDeploymentPostprocessing = 0;
		};
		95049CE024FFEBEE006528FA /* Sources */ = {
			isa = PBXSourcesBuildPhase;
			buildActionMask = 2147483647;
			files = (
				95049CE924FFEBEE006528FA /* iTunesSearchTests.swift in Sources */,
			);
			runOnlyForDeploymentPostprocessing = 0;
		};
/* End PBXSourcesBuildPhase section */

/* Begin PBXTargetDependency section */
		95049CE624FFEBEE006528FA /* PBXTargetDependency */ = {
			isa = PBXTargetDependency;
			target = 95049CCD24FFEBE3006528FA /* iTunesSearch */;
			targetProxy = 95049CE524FFEBEE006528FA /* PBXContainerItemProxy */;
		};
/* End PBXTargetDependency section */

/* Begin PBXVariantGroup section */
		95049CD724FFEBE3006528FA /* Main.storyboard */ = {
			isa = PBXVariantGroup;
			children = (
				95049CD824FFEBE3006528FA /* Base */,
			);
			name = Main.storyboard;
			sourceTree = "<group>";
		};
		95049CDC24FFEBEE006528FA /* LaunchScreen.storyboard */ = {
			isa = PBXVariantGroup;
			children = (
				95049CDD24FFEBEE006528FA /* Base */,
			);
			name = LaunchScreen.storyboard;
			sourceTree = "<group>";
		};
/* End PBXVariantGroup section */

/* Begin XCBuildConfiguration section */
		95049CEB24FFEBEE006528FA /* Debug */ = {
			isa = XCBuildConfiguration;
			buildSettings = {
				ALWAYS_SEARCH_USER_PATHS = NO;
				CLANG_ANALYZER_NONNULL = YES;
				CLANG_ANALYZER_NUMBER_OBJECT_CONVERSION = YES_AGGRESSIVE;
				CLANG_CXX_LANGUAGE_STANDARD = "gnu++14";
				CLANG_CXX_LIBRARY = "libc++";
				CLANG_ENABLE_MODULES = YES;
				CLANG_ENABLE_OBJC_ARC = YES;
				CLANG_ENABLE_OBJC_WEAK = YES;
				CLANG_WARN_BLOCK_CAPTURE_AUTORELEASING = YES;
				CLANG_WARN_BOOL_CONVERSION = YES;
				CLANG_WARN_COMMA = YES;
				CLANG_WARN_CONSTANT_CONVERSION = YES;
				CLANG_WARN_DEPRECATED_OBJC_IMPLEMENTATIONS = YES;
				CLANG_WARN_DIRECT_OBJC_ISA_USAGE = YES_ERROR;
				CLANG_WARN_DOCUMENTATION_COMMENTS = YES;
				CLANG_WARN_EMPTY_BODY = YES;
				CLANG_WARN_ENUM_CONVERSION = YES;
				CLANG_WARN_INFINITE_RECURSION = YES;
				CLANG_WARN_INT_CONVERSION = YES;
				CLANG_WARN_NON_LITERAL_NULL_CONVERSION = YES;
				CLANG_WARN_OBJC_IMPLICIT_RETAIN_SELF = YES;
				CLANG_WARN_OBJC_LITERAL_CONVERSION = YES;
				CLANG_WARN_OBJC_ROOT_CLASS = YES_ERROR;
				CLANG_WARN_RANGE_LOOP_ANALYSIS = YES;
				CLANG_WARN_STRICT_PROTOTYPES = YES;
				CLANG_WARN_SUSPICIOUS_MOVE = YES;
				CLANG_WARN_UNGUARDED_AVAILABILITY = YES_AGGRESSIVE;
				CLANG_WARN_UNREACHABLE_CODE = YES;
				CLANG_WARN__DUPLICATE_METHOD_MATCH = YES;
				COPY_PHASE_STRIP = NO;
				DEBUG_INFORMATION_FORMAT = dwarf;
				ENABLE_STRICT_OBJC_MSGSEND = YES;
				ENABLE_TESTABILITY = YES;
				GCC_C_LANGUAGE_STANDARD = gnu11;
				GCC_DYNAMIC_NO_PIC = NO;
				GCC_NO_COMMON_BLOCKS = YES;
				GCC_OPTIMIZATION_LEVEL = 0;
				GCC_PREPROCESSOR_DEFINITIONS = (
					"DEBUG=1",
					"$(inherited)",
				);
				GCC_WARN_64_TO_32_BIT_CONVERSION = YES;
				GCC_WARN_ABOUT_RETURN_TYPE = YES_ERROR;
				GCC_WARN_UNDECLARED_SELECTOR = YES;
				GCC_WARN_UNINITIALIZED_AUTOS = YES_AGGRESSIVE;
				GCC_WARN_UNUSED_FUNCTION = YES;
				GCC_WARN_UNUSED_VARIABLE = YES;
				IPHONEOS_DEPLOYMENT_TARGET = 13.6;
				MTL_ENABLE_DEBUG_INFO = INCLUDE_SOURCE;
				MTL_FAST_MATH = YES;
				ONLY_ACTIVE_ARCH = YES;
				SDKROOT = iphoneos;
				SWIFT_ACTIVE_COMPILATION_CONDITIONS = DEBUG;
				SWIFT_OPTIMIZATION_LEVEL = "-Onone";
			};
			name = Debug;
		};
		95049CEC24FFEBEE006528FA /* Release */ = {
			isa = XCBuildConfiguration;
			buildSettings = {
				ALWAYS_SEARCH_USER_PATHS = NO;
				CLANG_ANALYZER_NONNULL = YES;
				CLANG_ANALYZER_NUMBER_OBJECT_CONVERSION = YES_AGGRESSIVE;
				CLANG_CXX_LANGUAGE_STANDARD = "gnu++14";
				CLANG_CXX_LIBRARY = "libc++";
				CLANG_ENABLE_MODULES = YES;
				CLANG_ENABLE_OBJC_ARC = YES;
				CLANG_ENABLE_OBJC_WEAK = YES;
				CLANG_WARN_BLOCK_CAPTURE_AUTORELEASING = YES;
				CLANG_WARN_BOOL_CONVERSION = YES;
				CLANG_WARN_COMMA = YES;
				CLANG_WARN_CONSTANT_CONVERSION = YES;
				CLANG_WARN_DEPRECATED_OBJC_IMPLEMENTATIONS = YES;
				CLANG_WARN_DIRECT_OBJC_ISA_USAGE = YES_ERROR;
				CLANG_WARN_DOCUMENTATION_COMMENTS = YES;
				CLANG_WARN_EMPTY_BODY = YES;
				CLANG_WARN_ENUM_CONVERSION = YES;
				CLANG_WARN_INFINITE_RECURSION = YES;
				CLANG_WARN_INT_CONVERSION = YES;
				CLANG_WARN_NON_LITERAL_NULL_CONVERSION = YES;
				CLANG_WARN_OBJC_IMPLICIT_RETAIN_SELF = YES;
				CLANG_WARN_OBJC_LITERAL_CONVERSION = YES;
				CLANG_WARN_OBJC_ROOT_CLASS = YES_ERROR;
				CLANG_WARN_RANGE_LOOP_ANALYSIS = YES;
				CLANG_WARN_STRICT_PROTOTYPES = YES;
				CLANG_WARN_SUSPICIOUS_MOVE = YES;
				CLANG_WARN_UNGUARDED_AVAILABILITY = YES_AGGRESSIVE;
				CLANG_WARN_UNREACHABLE_CODE = YES;
				CLANG_WARN__DUPLICATE_METHOD_MATCH = YES;
				COPY_PHASE_STRIP = NO;
				DEBUG_INFORMATION_FORMAT = "dwarf-with-dsym";
				ENABLE_NS_ASSERTIONS = NO;
				ENABLE_STRICT_OBJC_MSGSEND = YES;
				GCC_C_LANGUAGE_STANDARD = gnu11;
				GCC_NO_COMMON_BLOCKS = YES;
				GCC_WARN_64_TO_32_BIT_CONVERSION = YES;
				GCC_WARN_ABOUT_RETURN_TYPE = YES_ERROR;
				GCC_WARN_UNDECLARED_SELECTOR = YES;
				GCC_WARN_UNINITIALIZED_AUTOS = YES_AGGRESSIVE;
				GCC_WARN_UNUSED_FUNCTION = YES;
				GCC_WARN_UNUSED_VARIABLE = YES;
				IPHONEOS_DEPLOYMENT_TARGET = 13.6;
				MTL_ENABLE_DEBUG_INFO = NO;
				MTL_FAST_MATH = YES;
				SDKROOT = iphoneos;
				SWIFT_COMPILATION_MODE = wholemodule;
				SWIFT_OPTIMIZATION_LEVEL = "-O";
				VALIDATE_PRODUCT = YES;
			};
			name = Release;
		};
		95049CEE24FFEBEE006528FA /* Debug */ = {
			isa = XCBuildConfiguration;
			buildSettings = {
				ASSETCATALOG_COMPILER_APPICON_NAME = AppIcon;
				CODE_SIGN_STYLE = Automatic;
				DEVELOPMENT_TEAM = RG6TT4JCLQ;
				INFOPLIST_FILE = iTunesSearch/Info.plist;
				LD_RUNPATH_SEARCH_PATHS = (
					"$(inherited)",
					"@executable_path/Frameworks",
				);
				PRODUCT_BUNDLE_IDENTIFIER = com.example.iTunesSearchByAnnaN;
				PRODUCT_NAME = "$(TARGET_NAME)";
				SWIFT_VERSION = 5.0;
				TARGETED_DEVICE_FAMILY = 1;
			};
			name = Debug;
		};
		95049CEF24FFEBEE006528FA /* Release */ = {
			isa = XCBuildConfiguration;
			buildSettings = {
				ASSETCATALOG_COMPILER_APPICON_NAME = AppIcon;
				CODE_SIGN_STYLE = Automatic;
				DEVELOPMENT_TEAM = RG6TT4JCLQ;
				INFOPLIST_FILE = iTunesSearch/Info.plist;
				LD_RUNPATH_SEARCH_PATHS = (
					"$(inherited)",
					"@executable_path/Frameworks",
				);
				PRODUCT_BUNDLE_IDENTIFIER = com.example.iTunesSearchByAnnaN;
				PRODUCT_NAME = "$(TARGET_NAME)";
				SWIFT_VERSION = 5.0;
				TARGETED_DEVICE_FAMILY = 1;
			};
			name = Release;
		};
		95049CF124FFEBEE006528FA /* Debug */ = {
			isa = XCBuildConfiguration;
			buildSettings = {
				ALWAYS_EMBED_SWIFT_STANDARD_LIBRARIES = YES;
				BUNDLE_LOADER = "$(TEST_HOST)";
				CODE_SIGN_STYLE = Automatic;
				DEVELOPMENT_TEAM = RG6TT4JCLQ;
				INFOPLIST_FILE = iTunesSearchTests/Info.plist;
				IPHONEOS_DEPLOYMENT_TARGET = 13.6;
				LD_RUNPATH_SEARCH_PATHS = (
					"$(inherited)",
					"@executable_path/Frameworks",
					"@loader_path/Frameworks",
				);
				PRODUCT_BUNDLE_IDENTIFIER = com.example.iTunesSearchTests;
				PRODUCT_NAME = "$(TARGET_NAME)";
				SWIFT_VERSION = 5.0;
				TARGETED_DEVICE_FAMILY = "1,2";
				TEST_HOST = "$(BUILT_PRODUCTS_DIR)/iTunesSearch.app/iTunesSearch";
			};
			name = Debug;
		};
		95049CF224FFEBEE006528FA /* Release */ = {
			isa = XCBuildConfiguration;
			buildSettings = {
				ALWAYS_EMBED_SWIFT_STANDARD_LIBRARIES = YES;
				BUNDLE_LOADER = "$(TEST_HOST)";
				CODE_SIGN_STYLE = Automatic;
				DEVELOPMENT_TEAM = RG6TT4JCLQ;
				INFOPLIST_FILE = iTunesSearchTests/Info.plist;
				IPHONEOS_DEPLOYMENT_TARGET = 13.6;
				LD_RUNPATH_SEARCH_PATHS = (
					"$(inherited)",
					"@executable_path/Frameworks",
					"@loader_path/Frameworks",
				);
				PRODUCT_BUNDLE_IDENTIFIER = com.example.iTunesSearchTests;
				PRODUCT_NAME = "$(TARGET_NAME)";
				SWIFT_VERSION = 5.0;
				TARGETED_DEVICE_FAMILY = "1,2";
				TEST_HOST = "$(BUILT_PRODUCTS_DIR)/iTunesSearch.app/iTunesSearch";
			};
			name = Release;
		};
/* End XCBuildConfiguration section */

/* Begin XCConfigurationList section */
		95049CC924FFEBE3006528FA /* Build configuration list for PBXProject "iTunesSearch" */ = {
			isa = XCConfigurationList;
			buildConfigurations = (
				95049CEB24FFEBEE006528FA /* Debug */,
				95049CEC24FFEBEE006528FA /* Release */,
			);
			defaultConfigurationIsVisible = 0;
			defaultConfigurationName = Release;
		};
		95049CED24FFEBEE006528FA /* Build configuration list for PBXNativeTarget "iTunesSearch" */ = {
			isa = XCConfigurationList;
			buildConfigurations = (
				95049CEE24FFEBEE006528FA /* Debug */,
				95049CEF24FFEBEE006528FA /* Release */,
			);
			defaultConfigurationIsVisible = 0;
			defaultConfigurationName = Release;
		};
		95049CF024FFEBEE006528FA /* Build configuration list for PBXNativeTarget "iTunesSearchTests" */ = {
			isa = XCConfigurationList;
			buildConfigurations = (
				95049CF124FFEBEE006528FA /* Debug */,
				95049CF224FFEBEE006528FA /* Release */,
			);
			defaultConfigurationIsVisible = 0;
			defaultConfigurationName = Release;
		};
/* End XCConfigurationList section */
	};
	rootObject = 95049CC624FFEBE3006528FA /* Project object */;
}
